
Microsoft Visual Studio Solution File, Format Version 12.00
# Visual Studio Version 16
VisualStudioVersion = 16.0.30804.86
MinimumVisualStudioVersion = 10.0.40219.1
Project("{FAE04EC0-301F-11D3-BF4B-00C04F79EFBC}") = "GameProject", "GameProject\GameProject.csproj", "{D60D9B99-07CF-4ED8-A1E7-572E44C6DE54}"
EndProject
Global
	GlobalSection(SolutionConfigurationPlatforms) = preSolution
		Debug|Any CPU = Debug|Any CPU
		Release|Any CPU = Release|Any CPU
	EndGlobalSection
	GlobalSection(ProjectConfigurationPlatforms) = postSolution
		{D60D9B99-07CF-4ED8-A1E7-572E44C6DE54}.Debug|Any CPU.ActiveCfg = Debug|Any CPU
		{D60D9B99-07CF-4ED8-A1E7-572E44C6DE54}.Debug|Any CPU.Build.0 = Debug|Any CPU
		{D60D9B99-07CF-4ED8-A1E7-572E44C6DE54}.Release|Any CPU.ActiveCfg = Release|Any CPU
		{D60D9B99-07CF-4ED8-A1E7-572E44C6DE54}.Release|Any CPU.Build.0 = Release|Any CPU
	EndGlobalSection
	GlobalSection(SolutionProperties) = preSolution
		HideSolutionNode = FALSE
	EndGlobalSection
	GlobalSection(ExtensibilityGlobals) = postSolution
		SolutionGuid = {04EA9CE4-128B-4937-865C-41D9B83C6688}
	EndGlobalSection
EndGlobal
